
Microsoft Visual Studio Solution File, Format Version 12.00
# Visual Studio Version 16
VisualStudioVersion = 16.0.31702.278
MinimumVisualStudioVersion = 10.0.40219.1
Project("{9A19103F-16F7-4668-BE54-9A1E7A4F7556}") = "BookBankLibrary", "BookBankLibrary\BookBankLibrary.csproj", "{773C1BE7-1101-453D-AE35-53409F6029C2}"
EndProject
Project("{9A19103F-16F7-4668-BE54-9A1E7A4F7556}") = "BookBankWebApiProject", "BookBankWebApiProject\BookBankWebApiProject.csproj", "{3A71052C-AEC1-4007-A066-F97863B8A481}"
EndProject
Project("{FAE04EC0-301F-11D3-BF4B-00C04F79EFBC}") = "BookBankClient", "BookBankClient\BookBankClient.csproj", "{404E417C-459D-4FAE-91CE-B4990810844C}"
EndProject
Global
	GlobalSection(SolutionConfigurationPlatforms) = preSolution
		Debug|Any CPU = Debug|Any CPU
		Release|Any CPU = Release|Any CPU
	EndGlobalSection
	GlobalSection(ProjectConfigurationPlatforms) = postSolution
		{773C1BE7-1101-453D-AE35-53409F6029C2}.Debug|Any CPU.ActiveCfg = Debug|Any CPU
		{773C1BE7-1101-453D-AE35-53409F6029C2}.Debug|Any CPU.Build.0 = Debug|Any CPU
		{773C1BE7-1101-453D-AE35-53409F6029C2}.Release|Any CPU.ActiveCfg = Release|Any CPU
		{773C1BE7-1101-453D-AE35-53409F6029C2}.Release|Any CPU.Build.0 = Release|Any CPU
		{3A71052C-AEC1-4007-A066-F97863B8A481}.Debug|Any CPU.ActiveCfg = Debug|Any CPU
		{3A71052C-AEC1-4007-A066-F97863B8A481}.Debug|Any CPU.Build.0 = Debug|Any CPU
		{3A71052C-AEC1-4007-A066-F97863B8A481}.Release|Any CPU.ActiveCfg = Release|Any CPU
		{3A71052C-AEC1-4007-A066-F97863B8A481}.Release|Any CPU.Build.0 = Release|Any CPU
		{404E417C-459D-4FAE-91CE-B4990810844C}.Debug|Any CPU.ActiveCfg = Debug|Any CPU
		{404E417C-459D-4FAE-91CE-B4990810844C}.Debug|Any CPU.Build.0 = Debug|Any CPU
		{404E417C-459D-4FAE-91CE-B4990810844C}.Release|Any CPU.ActiveCfg = Release|Any CPU
		{404E417C-459D-4FAE-91CE-B4990810844C}.Release|Any CPU.Build.0 = Release|Any CPU
	EndGlobalSection
	GlobalSection(SolutionProperties) = preSolution
		HideSolutionNode = FALSE
	EndGlobalSection
	GlobalSection(ExtensibilityGlobals) = postSolution
		SolutionGuid = {79CC37B2-CB69-49AE-A987-67D3CD55A42F}
	EndGlobalSection
EndGlobal
